
Microsoft Visual Studio Solution File, Format Version 12.00
# Visual Studio Version 17
VisualStudioVersion = 17.2.32630.192
MinimumVisualStudioVersion = 10.0.40219.1
Project("{FAE04EC0-301F-11D3-BF4B-00C04F79EFBC}") = "Matchgame", "Matchgame\Matchgame.csproj", "{3C7E4F29-F429-4DD1-A9CD-05E9C16ECD93}"
EndProject
Global
	GlobalSection(SolutionConfigurationPlatforms) = preSolution
		Debug|Any CPU = Debug|Any CPU
		Release|Any CPU = Release|Any CPU
	EndGlobalSection
	GlobalSection(ProjectConfigurationPlatforms) = postSolution
		{3C7E4F29-F429-4DD1-A9CD-05E9C16ECD93}.Debug|Any CPU.ActiveCfg = Debug|Any CPU
		{3C7E4F29-F429-4DD1-A9CD-05E9C16ECD93}.Debug|Any CPU.Build.0 = Debug|Any CPU
		{3C7E4F29-F429-4DD1-A9CD-05E9C16ECD93}.Release|Any CPU.ActiveCfg = Release|Any CPU
		{3C7E4F29-F429-4DD1-A9CD-05E9C16ECD93}.Release|Any CPU.Build.0 = Release|Any CPU
	EndGlobalSection
	GlobalSection(SolutionProperties) = preSolution
		HideSolutionNode = FALSE
	EndGlobalSection
	GlobalSection(ExtensibilityGlobals) = postSolution
		SolutionGuid = {AD3DCA34-52FB-4225-B1A0-5CF4DFD1294E}
	EndGlobalSection
EndGlobal
